
Microsoft Visual Studio Solution File, Format Version 12.00
# Visual Studio Version 16
VisualStudioVersion = 16.0.30517.126
MinimumVisualStudioVersion = 10.0.40219.1
Project("{8BC9CEB8-8B4A-11D0-8D11-00A0C91BC942}") = "Battleship", "Battleship\Battleship.vcxproj", "{D0AC2313-505A-4D0D-AD37-467E82D93DA8}"
EndProject
Project("{8BC9CEB8-8B4A-11D0-8D11-00A0C91BC942}") = "BasicTests", "BasicTests\BasicTests.vcxproj", "{3B6D29A5-9C8E-473E-A557-244E6D184BB8}"
EndProject
Global
	GlobalSection(SolutionConfigurationPlatforms) = preSolution
		Debug|x64 = Debug|x64
		Debug|x86 = Debug|x86
		Release|x64 = Release|x64
		Release|x86 = Release|x86
	EndGlobalSection
	GlobalSection(ProjectConfigurationPlatforms) = postSolution
		{D0AC2313-505A-4D0D-AD37-467E82D93DA8}.Debug|x64.ActiveCfg = Debug|x64
		{D0AC2313-505A-4D0D-AD37-467E82D93DA8}.Debug|x64.Build.0 = Debug|x64
		{D0AC2313-505A-4D0D-AD37-467E82D93DA8}.Debug|x86.ActiveCfg = Debug|Win32
		{D0AC2313-505A-4D0D-AD37-467E82D93DA8}.Debug|x86.Build.0 = Debug|Win32
		{D0AC2313-505A-4D0D-AD37-467E82D93DA8}.Release|x64.ActiveCfg = Release|x64
		{D0AC2313-505A-4D0D-AD37-467E82D93DA8}.Release|x64.Build.0 = Release|x64
		{D0AC2313-505A-4D0D-AD37-467E82D93DA8}.Release|x86.ActiveCfg = Release|Win32
		{D0AC2313-505A-4D0D-AD37-467E82D93DA8}.Release|x86.Build.0 = Release|Win32
		{3B6D29A5-9C8E-473E-A557-244E6D184BB8}.Debug|x64.ActiveCfg = Debug|x64
		{3B6D29A5-9C8E-473E-A557-244E6D184BB8}.Debug|x64.Build.0 = Debug|x64
		{3B6D29A5-9C8E-473E-A557-244E6D184BB8}.Debug|x86.ActiveCfg = Debug|Win32
		{3B6D29A5-9C8E-473E-A557-244E6D184BB8}.Debug|x86.Build.0 = Debug|Win32
		{3B6D29A5-9C8E-473E-A557-244E6D184BB8}.Release|x64.ActiveCfg = Release|x64
		{3B6D29A5-9C8E-473E-A557-244E6D184BB8}.Release|x64.Build.0 = Release|x64
		{3B6D29A5-9C8E-473E-A557-244E6D184BB8}.Release|x86.ActiveCfg = Release|Win32
		{3B6D29A5-9C8E-473E-A557-244E6D184BB8}.Release|x86.Build.0 = Release|Win32
	EndGlobalSection
	GlobalSection(SolutionProperties) = preSolution
		HideSolutionNode = FALSE
	EndGlobalSection
	GlobalSection(ExtensibilityGlobals) = postSolution
		SolutionGuid = {EE462F6F-9756-4DF5-956F-29D004FD42BC}
	EndGlobalSection
EndGlobal
